
Microsoft Visual Studio Solution File, Format Version 12.00
# Visual Studio Version 16
VisualStudioVersion = 16.0.31321.278
MinimumVisualStudioVersion = 10.0.40219.1
Project("{9A19103F-16F7-4668-BE54-9A1E7A4F7556}") = "API", "API.csproj", "{7A7269E3-E468-4595-99EC-B9DB4D049118}"
EndProject
Project("{9A19103F-16F7-4668-BE54-9A1E7A4F7556}") = "Core", "..\Core\Core.csproj", "{0A9DF287-4BD5-4B5A-8118-FE2156405CDD}"
EndProject
Project("{9A19103F-16F7-4668-BE54-9A1E7A4F7556}") = "Infrastructure", "..\Infrastructure\Infrastructure.csproj", "{8B05AD7B-9E8D-4196-8FE1-DA24693346A9}"
EndProject
Project("{2150E333-8FDC-42A3-9474-1A3956D46DE8}") = "Solution Items", "Solution Items", "{8C39A034-8D90-41B9-884D-6F98FCBC9D50}"
	ProjectSection(SolutionItems) = preProject
		.gitignore = .gitignore
	EndProjectSection
EndProject
Global
	GlobalSection(SolutionConfigurationPlatforms) = preSolution
		Debug|Any CPU = Debug|Any CPU
		Release|Any CPU = Release|Any CPU
	EndGlobalSection
	GlobalSection(ProjectConfigurationPlatforms) = postSolution
		{7A7269E3-E468-4595-99EC-B9DB4D049118}.Debug|Any CPU.ActiveCfg = Debug|Any CPU
		{7A7269E3-E468-4595-99EC-B9DB4D049118}.Debug|Any CPU.Build.0 = Debug|Any CPU
		{7A7269E3-E468-4595-99EC-B9DB4D049118}.Release|Any CPU.ActiveCfg = Release|Any CPU
		{7A7269E3-E468-4595-99EC-B9DB4D049118}.Release|Any CPU.Build.0 = Release|Any CPU
		{0A9DF287-4BD5-4B5A-8118-FE2156405CDD}.Debug|Any CPU.ActiveCfg = Debug|Any CPU
		{0A9DF287-4BD5-4B5A-8118-FE2156405CDD}.Debug|Any CPU.Build.0 = Debug|Any CPU
		{0A9DF287-4BD5-4B5A-8118-FE2156405CDD}.Release|Any CPU.ActiveCfg = Release|Any CPU
		{0A9DF287-4BD5-4B5A-8118-FE2156405CDD}.Release|Any CPU.Build.0 = Release|Any CPU
		{8B05AD7B-9E8D-4196-8FE1-DA24693346A9}.Debug|Any CPU.ActiveCfg = Debug|Any CPU
		{8B05AD7B-9E8D-4196-8FE1-DA24693346A9}.Debug|Any CPU.Build.0 = Debug|Any CPU
		{8B05AD7B-9E8D-4196-8FE1-DA24693346A9}.Release|Any CPU.ActiveCfg = Release|Any CPU
		{8B05AD7B-9E8D-4196-8FE1-DA24693346A9}.Release|Any CPU.Build.0 = Release|Any CPU
	EndGlobalSection
	GlobalSection(SolutionProperties) = preSolution
		HideSolutionNode = FALSE
	EndGlobalSection
	GlobalSection(ExtensibilityGlobals) = postSolution
		SolutionGuid = {56F3816C-E72C-41C4-8223-552497BF0CF3}
	EndGlobalSection
EndGlobal
